{
    "_meta": {
        "hash": {
            "sha256": "050d5d2fb4301f71abf278c62f053e07ef7b41300a6da35c2a404cb4ce7510c6"
        },
        "pipfile-spec": 6,
        "requires": {
            "python_version": "3.7"
        },
        "sources": [
            {
                "name": "pypi",
                "url": "https://pypi.org/simple",
                "verify_ssl": true
            }
        ]
    },
    "default": {
        "mock": {
            "hashes": [
                "sha256:d157e52d4e5b938c550f39eb2fd15610db062441a9c2747d3dbfa9298211d0f8"
            ],
            "index": "pypi",
            "version": "==3.0.5"
        },
        "numpy": {
            "hashes": [
                "sha256:cbddc56b2502d3f87fda4f98d948eb5b11f36ff3902e17cb6cc44727f2200525"
            ],
            "index": "pypi",
            "version": "==1.16.4"
        },
        "opencv-python": {
            "hashes": [
                "sha256:31ec48d7eca13fc25c287dea7cecab453976e372cad8f50d55c054a247efda21"
            ],
            "index": "pypi",
            "version": "==4.1.0.25"
        },
        "pygelf": {
            "hashes": [
                "sha256:e2df467b215b8d114130aa4b48e609ec4d8d7d6b1a99d71749c8a72dc5c64a84"
            ],
            "index": "pypi",
            "version": "==0.3.5"
        },
        "scipy": {
            "hashes": [
                "sha256:870fd401ec7b64a895cff8e206ee16569158db00254b2f7157b4c9a5db72c722"
            ],
            "index": "pypi",
            "version": "==1.2.1"
        },
        "six": {
            "hashes": [
                "sha256:3350809f0555b11f552448330d0b52d5f24c91a322ea4a15ef22629740f3761c"
            ],
            "version": "==1.12.0"
        }
    },
    "develop": {}
}
